
Microsoft Visual Studio Solution File, Format Version 12.00
# Visual Studio Version 17
VisualStudioVersion = 17.14.36414.22 d17.14
MinimumVisualStudioVersion = 10.0.40219.1
Project("{FAE04EC0-301F-11D3-BF4B-00C04F79EFBC}") = "Laboratorio 5-1", "Laboratorio 5-1\Laboratorio 5-1.csproj", "{BD64CDE2-93CC-4F92-ADA5-4BC50D36D9AA}"
EndProject
Project("{FAE04EC0-301F-11D3-BF4B-00C04F79EFBC}") = "Laboratorio 5-2", "Laboratorio 5-2\Laboratorio 5-2.csproj", "{8F6F31F1-C3B8-41B0-8B8F-D2B6696FE218}"
EndProject
Project("{FAE04EC0-301F-11D3-BF4B-00C04F79EFBC}") = "Laboratorio 5-3", "Laboratorio 5-3\Laboratorio 5-3.csproj", "{DD757E8D-10A9-4F41-896E-5222D55912DD}"
EndProject
Project("{FAE04EC0-301F-11D3-BF4B-00C04F79EFBC}") = "Laboratorio 5-4", "Laboratorio 5-4\Laboratorio 5-4.csproj", "{12549C86-DBE1-4B0B-8551-D2C005A64F8C}"
EndProject
Project("{FAE04EC0-301F-11D3-BF4B-00C04F79EFBC}") = "Laboratorio 5-5", "Laboratorio 5-5\Laboratorio 5-5.csproj", "{A444191B-307F-42EA-9E52-8EB650C98D07}"
EndProject
Project("{FAE04EC0-301F-11D3-BF4B-00C04F79EFBC}") = "Laboratorio 5-6", "Laboratorio 5-6\Laboratorio 5-6.csproj", "{3FDEAFF6-9461-4BA7-A4FA-6ED9DC464C99}"
EndProject
Global
	GlobalSection(SolutionConfigurationPlatforms) = preSolution
		Debug|Any CPU = Debug|Any CPU
		Release|Any CPU = Release|Any CPU
	EndGlobalSection
	GlobalSection(ProjectConfigurationPlatforms) = postSolution
		{BD64CDE2-93CC-4F92-ADA5-4BC50D36D9AA}.Debug|Any CPU.ActiveCfg = Debug|Any CPU
		{BD64CDE2-93CC-4F92-ADA5-4BC50D36D9AA}.Debug|Any CPU.Build.0 = Debug|Any CPU
		{BD64CDE2-93CC-4F92-ADA5-4BC50D36D9AA}.Release|Any CPU.ActiveCfg = Release|Any CPU
		{BD64CDE2-93CC-4F92-ADA5-4BC50D36D9AA}.Release|Any CPU.Build.0 = Release|Any CPU
		{8F6F31F1-C3B8-41B0-8B8F-D2B6696FE218}.Debug|Any CPU.ActiveCfg = Debug|Any CPU
		{8F6F31F1-C3B8-41B0-8B8F-D2B6696FE218}.Debug|Any CPU.Build.0 = Debug|Any CPU
		{8F6F31F1-C3B8-41B0-8B8F-D2B6696FE218}.Release|Any CPU.ActiveCfg = Release|Any CPU
		{8F6F31F1-C3B8-41B0-8B8F-D2B6696FE218}.Release|Any CPU.Build.0 = Release|Any CPU
		{DD757E8D-10A9-4F41-896E-5222D55912DD}.Debug|Any CPU.ActiveCfg = Debug|Any CPU
		{DD757E8D-10A9-4F41-896E-5222D55912DD}.Debug|Any CPU.Build.0 = Debug|Any CPU
		{DD757E8D-10A9-4F41-896E-5222D55912DD}.Release|Any CPU.ActiveCfg = Release|Any CPU
		{DD757E8D-10A9-4F41-896E-5222D55912DD}.Release|Any CPU.Build.0 = Release|Any CPU
		{12549C86-DBE1-4B0B-8551-D2C005A64F8C}.Debug|Any CPU.ActiveCfg = Debug|Any CPU
		{12549C86-DBE1-4B0B-8551-D2C005A64F8C}.Debug|Any CPU.Build.0 = Debug|Any CPU
		{12549C86-DBE1-4B0B-8551-D2C005A64F8C}.Release|Any CPU.ActiveCfg = Release|Any CPU
		{12549C86-DBE1-4B0B-8551-D2C005A64F8C}.Release|Any CPU.Build.0 = Release|Any CPU
		{A444191B-307F-42EA-9E52-8EB650C98D07}.Debug|Any CPU.ActiveCfg = Debug|Any CPU
		{A444191B-307F-42EA-9E52-8EB650C98D07}.Debug|Any CPU.Build.0 = Debug|Any CPU
		{A444191B-307F-42EA-9E52-8EB650C98D07}.Release|Any CPU.ActiveCfg = Release|Any CPU
		{A444191B-307F-42EA-9E52-8EB650C98D07}.Release|Any CPU.Build.0 = Release|Any CPU
		{3FDEAFF6-9461-4BA7-A4FA-6ED9DC464C99}.Debug|Any CPU.ActiveCfg = Debug|Any CPU
		{3FDEAFF6-9461-4BA7-A4FA-6ED9DC464C99}.Debug|Any CPU.Build.0 = Debug|Any CPU
		{3FDEAFF6-9461-4BA7-A4FA-6ED9DC464C99}.Release|Any CPU.ActiveCfg = Release|Any CPU
		{3FDEAFF6-9461-4BA7-A4FA-6ED9DC464C99}.Release|Any CPU.Build.0 = Release|Any CPU
	EndGlobalSection
	GlobalSection(SolutionProperties) = preSolution
		HideSolutionNode = FALSE
	EndGlobalSection
	GlobalSection(ExtensibilityGlobals) = postSolution
		SolutionGuid = {6D9E7B51-77AC-4FEC-A2D8-D3EBBEEE7746}
	EndGlobalSection
EndGlobal
