
Microsoft Visual Studio Solution File, Format Version 12.00
# Visual Studio Version 17
VisualStudioVersion = 17.14.36414.22 d17.14
MinimumVisualStudioVersion = 10.0.40219.1
Project("{FAE04EC0-301F-11D3-BF4B-00C04F79EFBC}") = "Laboratorio 8-1", "Laboratorio 8-1\Laboratorio 8-1.csproj", "{7717232E-DA2B-4061-9B9B-34BF4D3E7658}"
EndProject
Project("{FAE04EC0-301F-11D3-BF4B-00C04F79EFBC}") = "Laboratorio 8-2", "Laboratorio 8-2\Laboratorio 8-2.csproj", "{EB442A81-5069-4A84-B500-E47C09A9AF6E}"
EndProject
Project("{FAE04EC0-301F-11D3-BF4B-00C04F79EFBC}") = "Laboratorio 8-3", "Laboratorio 8-3\Laboratorio 8-3.csproj", "{70E3E95D-5035-4F65-BECE-AF13653D8CBD}"
EndProject
Project("{FAE04EC0-301F-11D3-BF4B-00C04F79EFBC}") = "Laboratorio 8-4", "Laboratorio 8-4\Laboratorio 8-4.csproj", "{CD102E71-3F5A-4F5F-8887-2B6818480375}"
EndProject
Project("{FAE04EC0-301F-11D3-BF4B-00C04F79EFBC}") = "Laboratorio 8-5", "Laboratorio 8-5\Laboratorio 8-5.csproj", "{D26EDE6D-5B14-443C-BE2D-1B903A2F240D}"
EndProject
Project("{FAE04EC0-301F-11D3-BF4B-00C04F79EFBC}") = "Laboratorio 8-6", "Laboratorio 8-6\Laboratorio 8-6.csproj", "{20FF6B97-E54C-455A-BF60-266DCB6D7236}"
EndProject
Project("{FAE04EC0-301F-11D3-BF4B-00C04F79EFBC}") = "Laboratorio 8-7", "Laboratorio 8-7\Laboratorio 8-7.csproj", "{30785491-2CBC-4808-9F03-A526C28621ED}"
EndProject
Global
	GlobalSection(SolutionConfigurationPlatforms) = preSolution
		Debug|Any CPU = Debug|Any CPU
		Release|Any CPU = Release|Any CPU
	EndGlobalSection
	GlobalSection(ProjectConfigurationPlatforms) = postSolution
		{7717232E-DA2B-4061-9B9B-34BF4D3E7658}.Debug|Any CPU.ActiveCfg = Debug|Any CPU
		{7717232E-DA2B-4061-9B9B-34BF4D3E7658}.Debug|Any CPU.Build.0 = Debug|Any CPU
		{7717232E-DA2B-4061-9B9B-34BF4D3E7658}.Release|Any CPU.ActiveCfg = Release|Any CPU
		{7717232E-DA2B-4061-9B9B-34BF4D3E7658}.Release|Any CPU.Build.0 = Release|Any CPU
		{EB442A81-5069-4A84-B500-E47C09A9AF6E}.Debug|Any CPU.ActiveCfg = Debug|Any CPU
		{EB442A81-5069-4A84-B500-E47C09A9AF6E}.Debug|Any CPU.Build.0 = Debug|Any CPU
		{EB442A81-5069-4A84-B500-E47C09A9AF6E}.Release|Any CPU.ActiveCfg = Release|Any CPU
		{EB442A81-5069-4A84-B500-E47C09A9AF6E}.Release|Any CPU.Build.0 = Release|Any CPU
		{70E3E95D-5035-4F65-BECE-AF13653D8CBD}.Debug|Any CPU.ActiveCfg = Debug|Any CPU
		{70E3E95D-5035-4F65-BECE-AF13653D8CBD}.Debug|Any CPU.Build.0 = Debug|Any CPU
		{70E3E95D-5035-4F65-BECE-AF13653D8CBD}.Release|Any CPU.ActiveCfg = Release|Any CPU
		{70E3E95D-5035-4F65-BECE-AF13653D8CBD}.Release|Any CPU.Build.0 = Release|Any CPU
		{CD102E71-3F5A-4F5F-8887-2B6818480375}.Debug|Any CPU.ActiveCfg = Debug|Any CPU
		{CD102E71-3F5A-4F5F-8887-2B6818480375}.Debug|Any CPU.Build.0 = Debug|Any CPU
		{CD102E71-3F5A-4F5F-8887-2B6818480375}.Release|Any CPU.ActiveCfg = Release|Any CPU
		{CD102E71-3F5A-4F5F-8887-2B6818480375}.Release|Any CPU.Build.0 = Release|Any CPU
		{D26EDE6D-5B14-443C-BE2D-1B903A2F240D}.Debug|Any CPU.ActiveCfg = Debug|Any CPU
		{D26EDE6D-5B14-443C-BE2D-1B903A2F240D}.Debug|Any CPU.Build.0 = Debug|Any CPU
		{D26EDE6D-5B14-443C-BE2D-1B903A2F240D}.Release|Any CPU.ActiveCfg = Release|Any CPU
		{D26EDE6D-5B14-443C-BE2D-1B903A2F240D}.Release|Any CPU.Build.0 = Release|Any CPU
		{20FF6B97-E54C-455A-BF60-266DCB6D7236}.Debug|Any CPU.ActiveCfg = Debug|Any CPU
		{20FF6B97-E54C-455A-BF60-266DCB6D7236}.Debug|Any CPU.Build.0 = Debug|Any CPU
		{20FF6B97-E54C-455A-BF60-266DCB6D7236}.Release|Any CPU.ActiveCfg = Release|Any CPU
		{20FF6B97-E54C-455A-BF60-266DCB6D7236}.Release|Any CPU.Build.0 = Release|Any CPU
		{30785491-2CBC-4808-9F03-A526C28621ED}.Debug|Any CPU.ActiveCfg = Debug|Any CPU
		{30785491-2CBC-4808-9F03-A526C28621ED}.Debug|Any CPU.Build.0 = Debug|Any CPU
		{30785491-2CBC-4808-9F03-A526C28621ED}.Release|Any CPU.ActiveCfg = Release|Any CPU
		{30785491-2CBC-4808-9F03-A526C28621ED}.Release|Any CPU.Build.0 = Release|Any CPU
	EndGlobalSection
	GlobalSection(SolutionProperties) = preSolution
		HideSolutionNode = FALSE
	EndGlobalSection
	GlobalSection(ExtensibilityGlobals) = postSolution
		SolutionGuid = {9E2F092A-72E5-4DE4-98D9-A26A25586982}
	EndGlobalSection
EndGlobal
